
Microsoft Visual Studio Solution File, Format Version 12.00
# Visual Studio Version 17
VisualStudioVersion = 17.1.32210.238
MinimumVisualStudioVersion = 10.0.40219.1
Project("{FAE04EC0-301F-11D3-BF4B-00C04F79EFBC}") = "batch-embed-tool", "batch-embed-tool\batch-embed-tool.csproj", "{8E686C07-2078-4C49-B174-00A22B71E006}"
EndProject
Global
	GlobalSection(SolutionConfigurationPlatforms) = preSolution
		Debug|Any CPU = Debug|Any CPU
		Release|Any CPU = Release|Any CPU
	EndGlobalSection
	GlobalSection(ProjectConfigurationPlatforms) = postSolution
		{8E686C07-2078-4C49-B174-00A22B71E006}.Debug|Any CPU.ActiveCfg = Debug|Any CPU
		{8E686C07-2078-4C49-B174-00A22B71E006}.Debug|Any CPU.Build.0 = Debug|Any CPU
		{8E686C07-2078-4C49-B174-00A22B71E006}.Release|Any CPU.ActiveCfg = Release|Any CPU
		{8E686C07-2078-4C49-B174-00A22B71E006}.Release|Any CPU.Build.0 = Release|Any CPU
	EndGlobalSection
	GlobalSection(SolutionProperties) = preSolution
		HideSolutionNode = FALSE
	EndGlobalSection
	GlobalSection(ExtensibilityGlobals) = postSolution
		SolutionGuid = {09AC1763-FF92-4E3A-A324-321E4FCEF2A0}
	EndGlobalSection
EndGlobal
